Microsoft Visual Studio Solution File, Format Version 12.00
# Visual Studio Version 17
VisualStudioVersion = 17.5.2.0
MinimumVisualStudioVersion = 10.0.40219.1
Project("{2150E333-8FDC-42A3-9474-1A3956D46DE8}") = "DominoAntillaisPrototype", "DominoAntillaisPrototype", "{BA7B4B42-30B1-6F65-BEE8-0D68528D4652}"
EndProject
Project("{FAE04EC0-301F-11D3-BF4B-00C04F79EFBC}") = "Assembly-CSharp", "DominoAntillaisPrototype\Assembly-CSharp.csproj", "{791341BA-FCCD-C441-58BF-39CB51726D8A}"
EndProject
Global
	GlobalSection(SolutionConfigurationPlatforms) = preSolution
		Debug|Any CPU = Debug|Any CPU
		Release|Any CPU = Release|Any CPU
	EndGlobalSection
	GlobalSection(ProjectConfigurationPlatforms) = postSolution
		{791341BA-FCCD-C441-58BF-39CB51726D8A}.Debug|Any CPU.ActiveCfg = Debug|Any CPU
		{791341BA-FCCD-C441-58BF-39CB51726D8A}.Debug|Any CPU.Build.0 = Debug|Any CPU
		{791341BA-FCCD-C441-58BF-39CB51726D8A}.Release|Any CPU.ActiveCfg = Release|Any CPU
		{791341BA-FCCD-C441-58BF-39CB51726D8A}.Release|Any CPU.Build.0 = Release|Any CPU
	EndGlobalSection
	GlobalSection(SolutionProperties) = preSolution
		HideSolutionNode = FALSE
	EndGlobalSection
	GlobalSection(NestedProjects) = preSolution
		{791341BA-FCCD-C441-58BF-39CB51726D8A} = {BA7B4B42-30B1-6F65-BEE8-0D68528D4652}
	EndGlobalSection
	GlobalSection(ExtensibilityGlobals) = postSolution
		SolutionGuid = {18D20699-4AF0-4FB1-BDBF-1BFD3ADE4AF2}
	EndGlobalSection
EndGlobal
